
Microsoft Visual Studio Solution File, Format Version 12.00
# Visual Studio Version 16
VisualStudioVersion = 16.0.30717.126
MinimumVisualStudioVersion = 10.0.40219.1
Project("{FAE04EC0-301F-11D3-BF4B-00C04F79EFBC}") = "Examen", "Login\Examen.csproj", "{64FFF7A7-41BA-419E-BA82-89A3AA1DFF3A}"
EndProject
Global
	GlobalSection(SolutionConfigurationPlatforms) = preSolution
		Debug|Any CPU = Debug|Any CPU
		Release|Any CPU = Release|Any CPU
	EndGlobalSection
	GlobalSection(ProjectConfigurationPlatforms) = postSolution
		{64FFF7A7-41BA-419E-BA82-89A3AA1DFF3A}.Debug|Any CPU.ActiveCfg = Debug|Any CPU
		{64FFF7A7-41BA-419E-BA82-89A3AA1DFF3A}.Debug|Any CPU.Build.0 = Debug|Any CPU
		{64FFF7A7-41BA-419E-BA82-89A3AA1DFF3A}.Release|Any CPU.ActiveCfg = Release|Any CPU
		{64FFF7A7-41BA-419E-BA82-89A3AA1DFF3A}.Release|Any CPU.Build.0 = Release|Any CPU
	EndGlobalSection
	GlobalSection(SolutionProperties) = preSolution
		HideSolutionNode = FALSE
	EndGlobalSection
	GlobalSection(ExtensibilityGlobals) = postSolution
		SolutionGuid = {5E3A0868-85DA-45CB-9E5C-B7A277387CD6}
	EndGlobalSection
EndGlobal
